<?xml version="1.0" encoding="UTF-8" standalone="yes" ?>
<CodeBlocks_project_file>
	<FileVersion major="1" minor="6" />
	<Project>
		<Option title="matcg" />
		<Option pch_mode="2" />
		<Option compiler="gcc" />
		<Build>
			<Target title="Debug">
				<Option output="bin/matcg" prefix_auto="1" extension_auto="1" />
				<Option object_output="obj/" />
				<Option type="1" />
				<Option compiler="gcc" />
				<Compiler>
					<Add option="-std=c++11" />
					<Add option="-g" />
					<Add directory="include" />
				</Compiler>
				<Linker>
					<Add option="-static-libgcc" />
					<Add option="-static-libstdc++" />
				</Linker>
			</Target>
			<Target title="Release">
				<Option output="bin/matcg" prefix_auto="1" extension_auto="1" />
				<Option object_output="obj/" />
				<Option type="1" />
				<Option compiler="gcc" />
				<Compiler>
					<Add option="-O2" />
					<Add option="-std=c++11" />
					<Add directory="include" />
				</Compiler>
				<Linker>
					<Add option="-s" />
				</Linker>
			</Target>
		</Build>
		<Compiler>
			<Add option="-std=c++11" />
			<Add option="-Wall" />
		</Compiler>
		<Linker>
			<Add option="-static-libgcc -static-libstdc++" />
		</Linker>
		<Unit filename="include/card.h" />
		<Unit filename="include/cemetery.h" />
		<Unit filename="include/deck.h" />
		<Unit filename="include/game.h" />
		<Unit filename="include/player.h" />
		<Unit filename="matcg.cpp" />
		<Unit filename="src/card.cpp" />
		<Unit filename="src/cemetery.cpp" />
		<Unit filename="src/deck.cpp" />
		<Unit filename="src/game.cpp" />
		<Unit filename="src/player.cpp" />
		<Extensions>
			<DoxyBlocks>
				<comment_style block="4" line="0" />
				<doxyfile_project />
				<doxyfile_build />
				<doxyfile_warnings />
				<doxyfile_output />
				<doxyfile_dot />
				<general />
			</DoxyBlocks>
			<code_completion />
			<envvars />
			<debugger />
		</Extensions>
	</Project>
</CodeBlocks_project_file>
